
Microsoft Visual Studio Solution File, Format Version 12.00
# Visual Studio Version 17
VisualStudioVersion = 17.0.31903.59
MinimumVisualStudioVersion = 10.0.40219.1
Project("{FAE04EC0-301F-11D3-BF4B-00C04F79EFBC}") = "NSQ", "NSQ\NSQ.csproj", "{1D3E84BD-7ACF-4AFC-94EC-5023FCF4AC9B}"
EndProject
Project("{FAE04EC0-301F-11D3-BF4B-00C04F79EFBC}") = "Consumer", "Consumer\Consumer.csproj", "{F8702145-53DA-4C95-821C-FE081558D8E6}"
EndProject
Global
	GlobalSection(SolutionConfigurationPlatforms) = preSolution
		Debug|Any CPU = Debug|Any CPU
		Debug|x64 = Debug|x64
		Debug|x86 = Debug|x86
		Release|Any CPU = Release|Any CPU
		Release|x64 = Release|x64
		Release|x86 = Release|x86
	EndGlobalSection
	GlobalSection(ProjectConfigurationPlatforms) = postSolution
		{1D3E84BD-7ACF-4AFC-94EC-5023FCF4AC9B}.Debug|Any CPU.ActiveCfg = Debug|Any CPU
		{1D3E84BD-7ACF-4AFC-94EC-5023FCF4AC9B}.Debug|Any CPU.Build.0 = Debug|Any CPU
		{1D3E84BD-7ACF-4AFC-94EC-5023FCF4AC9B}.Debug|x64.ActiveCfg = Debug|Any CPU
		{1D3E84BD-7ACF-4AFC-94EC-5023FCF4AC9B}.Debug|x64.Build.0 = Debug|Any CPU
		{1D3E84BD-7ACF-4AFC-94EC-5023FCF4AC9B}.Debug|x86.ActiveCfg = Debug|Any CPU
		{1D3E84BD-7ACF-4AFC-94EC-5023FCF4AC9B}.Debug|x86.Build.0 = Debug|Any CPU
		{1D3E84BD-7ACF-4AFC-94EC-5023FCF4AC9B}.Release|Any CPU.ActiveCfg = Release|Any CPU
		{1D3E84BD-7ACF-4AFC-94EC-5023FCF4AC9B}.Release|Any CPU.Build.0 = Release|Any CPU
		{1D3E84BD-7ACF-4AFC-94EC-5023FCF4AC9B}.Release|x64.ActiveCfg = Release|Any CPU
		{1D3E84BD-7ACF-4AFC-94EC-5023FCF4AC9B}.Release|x64.Build.0 = Release|Any CPU
		{1D3E84BD-7ACF-4AFC-94EC-5023FCF4AC9B}.Release|x86.ActiveCfg = Release|Any CPU
		{1D3E84BD-7ACF-4AFC-94EC-5023FCF4AC9B}.Release|x86.Build.0 = Release|Any CPU
		{F8702145-53DA-4C95-821C-FE081558D8E6}.Debug|Any CPU.ActiveCfg = Debug|Any CPU
		{F8702145-53DA-4C95-821C-FE081558D8E6}.Debug|Any CPU.Build.0 = Debug|Any CPU
		{F8702145-53DA-4C95-821C-FE081558D8E6}.Debug|x64.ActiveCfg = Debug|Any CPU
		{F8702145-53DA-4C95-821C-FE081558D8E6}.Debug|x64.Build.0 = Debug|Any CPU
		{F8702145-53DA-4C95-821C-FE081558D8E6}.Debug|x86.ActiveCfg = Debug|Any CPU
		{F8702145-53DA-4C95-821C-FE081558D8E6}.Debug|x86.Build.0 = Debug|Any CPU
		{F8702145-53DA-4C95-821C-FE081558D8E6}.Release|Any CPU.ActiveCfg = Release|Any CPU
		{F8702145-53DA-4C95-821C-FE081558D8E6}.Release|Any CPU.Build.0 = Release|Any CPU
		{F8702145-53DA-4C95-821C-FE081558D8E6}.Release|x64.ActiveCfg = Release|Any CPU
		{F8702145-53DA-4C95-821C-FE081558D8E6}.Release|x64.Build.0 = Release|Any CPU
		{F8702145-53DA-4C95-821C-FE081558D8E6}.Release|x86.ActiveCfg = Release|Any CPU
		{F8702145-53DA-4C95-821C-FE081558D8E6}.Release|x86.Build.0 = Release|Any CPU
	EndGlobalSection
	GlobalSection(SolutionProperties) = preSolution
		HideSolutionNode = FALSE
	EndGlobalSection
EndGlobal
